
Microsoft Visual Studio Solution File, Format Version 12.00
# Visual Studio Version 17
VisualStudioVersion = 17.4.33213.308
MinimumVisualStudioVersion = 10.0.40219.1
Project("{FAE04EC0-301F-11D3-BF4B-00C04F79EFBC}") = "ClientSoap_DotNet2", "ClientSoap_DotNet2\ClientSoap_DotNet2.csproj", "{083EC185-7B27-4ED9-8B1D-57C4CFFBA60E}"
EndProject
Global
	GlobalSection(SolutionConfigurationPlatforms) = preSolution
		Debug|Any CPU = Debug|Any CPU
		Release|Any CPU = Release|Any CPU
	EndGlobalSection
	GlobalSection(ProjectConfigurationPlatforms) = postSolution
		{083EC185-7B27-4ED9-8B1D-57C4CFFBA60E}.Debug|Any CPU.ActiveCfg = Debug|Any CPU
		{083EC185-7B27-4ED9-8B1D-57C4CFFBA60E}.Debug|Any CPU.Build.0 = Debug|Any CPU
		{083EC185-7B27-4ED9-8B1D-57C4CFFBA60E}.Release|Any CPU.ActiveCfg = Release|Any CPU
		{083EC185-7B27-4ED9-8B1D-57C4CFFBA60E}.Release|Any CPU.Build.0 = Release|Any CPU
	EndGlobalSection
	GlobalSection(SolutionProperties) = preSolution
		HideSolutionNode = FALSE
	EndGlobalSection
	GlobalSection(ExtensibilityGlobals) = postSolution
		SolutionGuid = {678A3E5F-25EC-4CC4-B6B6-161B59433364}
	EndGlobalSection
EndGlobal
