
Microsoft Visual Studio Solution File, Format Version 12.00
# Visual Studio Version 17
VisualStudioVersion = 17.4.33213.308
MinimumVisualStudioVersion = 10.0.40219.1
Project("{FAE04EC0-301F-11D3-BF4B-00C04F79EFBC}") = "ClientSoap_DotNet", "ClientSoap_DotNet\ClientSoap_DotNet.csproj", "{20B403F4-419F-4608-8318-FE6C9F8FBEF4}"
EndProject
Global
	GlobalSection(SolutionConfigurationPlatforms) = preSolution
		Debug|Any CPU = Debug|Any CPU
		Release|Any CPU = Release|Any CPU
	EndGlobalSection
	GlobalSection(ProjectConfigurationPlatforms) = postSolution
		{20B403F4-419F-4608-8318-FE6C9F8FBEF4}.Debug|Any CPU.ActiveCfg = Debug|Any CPU
		{20B403F4-419F-4608-8318-FE6C9F8FBEF4}.Debug|Any CPU.Build.0 = Debug|Any CPU
		{20B403F4-419F-4608-8318-FE6C9F8FBEF4}.Release|Any CPU.ActiveCfg = Release|Any CPU
		{20B403F4-419F-4608-8318-FE6C9F8FBEF4}.Release|Any CPU.Build.0 = Release|Any CPU
	EndGlobalSection
	GlobalSection(SolutionProperties) = preSolution
		HideSolutionNode = FALSE
	EndGlobalSection
	GlobalSection(ExtensibilityGlobals) = postSolution
		SolutionGuid = {7E487AF4-6DE3-4108-8ADB-D030A3646FC6}
	EndGlobalSection
EndGlobal
